PODS:
  - AFNetworking (3.2.1):
    - AFNetworking/NSURLSession (= 3.2.1)
    - AFNetworking/Reachability (= 3.2.1)
    - AFNetworking/Security (= 3.2.1)
    - AFNetworking/Serialization (= 3.2.1)
    - AFNetworking/UIKit (= 3.2.1)
  - AFNetworking/NSURLSession (3.2.1):
    - AFNetworking/Reachability
    - AFNetworking/Security
    - AFNetworking/Serialization
  - AFNetworking/Reachability (3.2.1)
  - AFNetworking/Security (3.2.1)
  - AFNetworking/Serialization (3.2.1)
  - AFNetworking/UIKit (3.2.1):
    - AFNetworking/NSURLSession
  - AWBaseSDK (0.1.0):
    - AFNetworking
    - AWBaseSDK/Core (= 0.1.0)
    - AWBaseSDK/General (= 0.1.0)
    - AWBaseSDK/Model (= 0.1.0)
    - AWBaseSDK/Vendors (= 0.1.0)
    - FDFullscreenPopGesture
    - GYIntroductionView
    - IQKeyboardManager
    - Masonry
    - MJExtension
    - MJRefresh
    - RJBadgeKit
    - RTRootNavigationController
    - SDWebImage
    - XMNetworking
  - AWBaseSDK/Core (0.1.0):
    - AFNetworking
    - FDFullscreenPopGesture
    - GYIntroductionView
    - IQKeyboardManager
    - Masonry
    - MJExtension
    - MJRefresh
    - RJBadgeKit
    - RTRootNavigationController
    - SDWebImage
    - XMNetworking
  - AWBaseSDK/General (0.1.0):
    - AFNetworking
    - AWBaseSDK/General/Base (= 0.1.0)
    - AWBaseSDK/General/Category (= 0.1.0)
    - AWBaseSDK/General/Helper (= 0.1.0)
    - AWBaseSDK/General/Marco (= 0.1.0)
    - FDFullscreenPopGesture
    - GYIntroductionView
    - IQKeyboardManager
    - Masonry
    - MJExtension
    - MJRefresh
    - RJBadgeKit
    - RTRootNavigationController
    - SDWebImage
    - XMNetworking
  - AWBaseSDK/General/Base (0.1.0):
    - AFNetworking
    - FDFullscreenPopGesture
    - GYIntroductionView
    - IQKeyboardManager
    - Masonry
    - MJExtension
    - MJRefresh
    - RJBadgeKit
    - RTRootNavigationController
    - SDWebImage
    - XMNetworking
  - AWBaseSDK/General/Category (0.1.0):
    - AFNetworking
    - AWBaseSDK/General/Category/HYBUnicodeReadable (= 0.1.0)
    - AWBaseSDK/General/Category/NSDate (= 0.1.0)
    - FDFullscreenPopGesture
    - GYIntroductionView
    - IQKeyboardManager
    - Masonry
    - MJExtension
    - MJRefresh
    - RJBadgeKit
    - RTRootNavigationController
    - SDWebImage
    - XMNetworking
  - AWBaseSDK/General/Category/HYBUnicodeReadable (0.1.0):
    - AFNetworking
    - FDFullscreenPopGesture
    - GYIntroductionView
    - IQKeyboardManager
    - Masonry
    - MJExtension
    - MJRefresh
    - RJBadgeKit
    - RTRootNavigationController
    - SDWebImage
    - XMNetworking
  - AWBaseSDK/General/Category/NSDate (0.1.0):
    - AFNetworking
    - FDFullscreenPopGesture
    - GYIntroductionView
    - IQKeyboardManager
    - Masonry
    - MJExtension
    - MJRefresh
    - RJBadgeKit
    - RTRootNavigationController
    - SDWebImage
    - XMNetworking
  - AWBaseSDK/General/Helper (0.1.0):
    - AFNetworking
    - FDFullscreenPopGesture
    - GYIntroductionView
    - IQKeyboardManager
    - Masonry
    - MJExtension
    - MJRefresh
    - RJBadgeKit
    - RTRootNavigationController
    - SDWebImage
    - XMNetworking
  - AWBaseSDK/General/Marco (0.1.0):
    - AFNetworking
    - FDFullscreenPopGesture
    - GYIntroductionView
    - IQKeyboardManager
    - Masonry
    - MJExtension
    - MJRefresh
    - RJBadgeKit
    - RTRootNavigationController
    - SDWebImage
    - XMNetworking
  - AWBaseSDK/Model (0.1.0):
    - AFNetworking
    - FDFullscreenPopGesture
    - GYIntroductionView
    - IQKeyboardManager
    - Masonry
    - MJExtension
    - MJRefresh
    - RJBadgeKit
    - RTRootNavigationController
    - SDWebImage
    - XMNetworking
  - AWBaseSDK/Vendors (0.1.0):
    - AFNetworking
    - AWBaseSDK/Vendors/AvoidCrash (= 0.1.0)
    - AWBaseSDK/Vendors/CTMediator (= 0.1.0)
    - AWBaseSDK/Vendors/MBProgressHUD (= 0.1.0)
    - AWBaseSDK/Vendors/QMUIKit_Lite (= 0.1.0)
    - AWBaseSDK/Vendors/Reachability (= 0.1.0)
    - AWBaseSDK/Vendors/TOSearchBar (= 0.1.0)
    - AWBaseSDK/Vendors/XCFileManager (= 0.1.0)
    - AWBaseSDK/Vendors/YYKit (= 0.1.0)
    - FDFullscreenPopGesture
    - GYIntroductionView
    - IQKeyboardManager
    - Masonry
    - MJExtension
    - MJRefresh
    - RJBadgeKit
    - RTRootNavigationController
    - SDWebImage
    - XMNetworking
  - AWBaseSDK/Vendors/AvoidCrash (0.1.0):
    - AFNetworking
    - AWBaseSDK/Vendors/AvoidCrash/no-arc (= 0.1.0)
    - FDFullscreenPopGesture
    - GYIntroductionView
    - IQKeyboardManager
    - Masonry
    - MJExtension
    - MJRefresh
    - RJBadgeKit
    - RTRootNavigationController
    - SDWebImage
    - XMNetworking
  - AWBaseSDK/Vendors/AvoidCrash/no-arc (0.1.0):
    - AFNetworking
    - FDFullscreenPopGesture
    - GYIntroductionView
    - IQKeyboardManager
    - Masonry
    - MJExtension
    - MJRefresh
    - RJBadgeKit
    - RTRootNavigationController
    - SDWebImage
    - XMNetworking
  - AWBaseSDK/Vendors/CTMediator (0.1.0):
    - AFNetworking
    - FDFullscreenPopGesture
    - GYIntroductionView
    - IQKeyboardManager
    - Masonry
    - MJExtension
    - MJRefresh
    - RJBadgeKit
    - RTRootNavigationController
    - SDWebImage
    - XMNetworking
  - AWBaseSDK/Vendors/MBProgressHUD (0.1.0):
    - AFNetworking
    - FDFullscreenPopGesture
    - GYIntroductionView
    - IQKeyboardManager
    - Masonry
    - MJExtension
    - MJRefresh
    - RJBadgeKit
    - RTRootNavigationController
    - SDWebImage
    - XMNetworking
  - AWBaseSDK/Vendors/QMUIKit_Lite (0.1.0):
    - AFNetworking
    - FDFullscreenPopGesture
    - GYIntroductionView
    - IQKeyboardManager
    - Masonry
    - MJExtension
    - MJRefresh
    - RJBadgeKit
    - RTRootNavigationController
    - SDWebImage
    - XMNetworking
  - AWBaseSDK/Vendors/Reachability (0.1.0):
    - AFNetworking
    - FDFullscreenPopGesture
    - GYIntroductionView
    - IQKeyboardManager
    - Masonry
    - MJExtension
    - MJRefresh
    - RJBadgeKit
    - RTRootNavigationController
    - SDWebImage
    - XMNetworking
  - AWBaseSDK/Vendors/TOSearchBar (0.1.0):
    - AFNetworking
    - FDFullscreenPopGesture
    - GYIntroductionView
    - IQKeyboardManager
    - Masonry
    - MJExtension
    - MJRefresh
    - RJBadgeKit
    - RTRootNavigationController
    - SDWebImage
    - XMNetworking
  - AWBaseSDK/Vendors/XCFileManager (0.1.0):
    - AFNetworking
    - FDFullscreenPopGesture
    - GYIntroductionView
    - IQKeyboardManager
    - Masonry
    - MJExtension
    - MJRefresh
    - RJBadgeKit
    - RTRootNavigationController
    - SDWebImage
    - XMNetworking
  - AWBaseSDK/Vendors/YYKit (0.1.0):
    - AFNetworking
    - FDFullscreenPopGesture
    - GYIntroductionView
    - IQKeyboardManager
    - Masonry
    - MJExtension
    - MJRefresh
    - RJBadgeKit
    - RTRootNavigationController
    - SDWebImage
    - XMNetworking
  - FDFullscreenPopGesture (1.1)
  - GYIntroductionView (1.0.2)
  - IQKeyboardManager (6.5.5)
  - Masonry (1.1.0)
  - MJExtension (3.2.1)
  - MJRefresh (3.3.1)
  - RJBadgeKit (0.2.5)
  - RTRootNavigationController (0.7.2):
    - RTRootNavigationController/Core (= 0.7.2)
  - RTRootNavigationController/Core (0.7.2)
  - SDWebImage (5.6.0):
    - SDWebImage/Core (= 5.6.0)
  - SDWebImage/Core (5.6.0)
  - XMNetworking (1.1.0):
    - AFNetworking (~> 3.0)

DEPENDENCIES:
  - AWBaseSDK (from `../`)

SPEC REPOS:
  https://github.com/CocoaPods/Specs.git:
    - AFNetworking
    - FDFullscreenPopGesture
    - GYIntroductionView
    - IQKeyboardManager
    - Masonry
    - MJExtension
    - MJRefresh
    - RJBadgeKit
    - RTRootNavigationController
    - SDWebImage
    - XMNetworking

EXTERNAL SOURCES:
  AWBaseSDK:
    :path: "../"

SPEC CHECKSUMS:
  AFNetworking: b6f891fdfaed196b46c7a83cf209e09697b94057
  AWBaseSDK: 5fe865f5b6aed1b42da2ea43208cc1cf15c61145
  FDFullscreenPopGesture: a8a620179e3d9c40e8e00256dcee1c1a27c6d0f0
  GYIntroductionView: 3bff01536a100c430a2a7479c388ab873b23c1f0
  IQKeyboardManager: 3a8b9e603f8b0eeaf5f096a1f2b2cfcf121992ef
  Masonry: 678fab65091a9290e40e2832a55e7ab731aad201
  MJExtension: 635f2c663dcb1bf76fa4b715b2570a5710aec545
  MJRefresh: eeda70fbf0ad277f3178cef1cd0c3532591d6237
  RJBadgeKit: 5536a6506ead83f0ef644397a244de42ce3e84f7
  RTRootNavigationController: 8344c2352d6d40fa370d0366efae2c84a945213f
  SDWebImage: 21b19f56b4226cdfe3aefe4e6848dc43ed129a86
  XMNetworking: 7160cc06f504f325eec515a1e687ee1aa89bc462

PODFILE CHECKSUM: 66d1ae02da438aa915ad1fd693eaeefd22096b45

COCOAPODS: 1.9.0
